
Microsoft Visual Studio Solution File, Format Version 12.00
# Visual Studio Version 17
VisualStudioVersion = 17.5.33516.290
MinimumVisualStudioVersion = 10.0.40219.1
Project("{FAE04EC0-301F-11D3-BF4B-00C04F79EFBC}") = "Programacion III", "Programacion III\Programacion III.csproj", "{5D051AB5-E573-4F15-853B-4E8B387DD572}"
EndProject
Project("{FAE04EC0-301F-11D3-BF4B-00C04F79EFBC}") = "CollectionsTest", "CollectionsTest\CollectionsTest.csproj", "{C4722BCB-B057-4934-89F4-18DC04B8100C}"
EndProject
Global
	GlobalSection(SolutionConfigurationPlatforms) = preSolution
		Debug|Any CPU = Debug|Any CPU
		Release|Any CPU = Release|Any CPU
	EndGlobalSection
	GlobalSection(ProjectConfigurationPlatforms) = postSolution
		{5D051AB5-E573-4F15-853B-4E8B387DD572}.Debug|Any CPU.ActiveCfg = Debug|Any CPU
		{5D051AB5-E573-4F15-853B-4E8B387DD572}.Debug|Any CPU.Build.0 = Debug|Any CPU
		{5D051AB5-E573-4F15-853B-4E8B387DD572}.Release|Any CPU.ActiveCfg = Release|Any CPU
		{5D051AB5-E573-4F15-853B-4E8B387DD572}.Release|Any CPU.Build.0 = Release|Any CPU
		{C4722BCB-B057-4934-89F4-18DC04B8100C}.Debug|Any CPU.ActiveCfg = Debug|Any CPU
		{C4722BCB-B057-4934-89F4-18DC04B8100C}.Debug|Any CPU.Build.0 = Debug|Any CPU
		{C4722BCB-B057-4934-89F4-18DC04B8100C}.Release|Any CPU.ActiveCfg = Release|Any CPU
		{C4722BCB-B057-4934-89F4-18DC04B8100C}.Release|Any CPU.Build.0 = Release|Any CPU
	EndGlobalSection
	GlobalSection(SolutionProperties) = preSolution
		HideSolutionNode = FALSE
	EndGlobalSection
	GlobalSection(ExtensibilityGlobals) = postSolution
		SolutionGuid = {CD11301E-C6F1-47F4-9D8F-85DA3FFE7E57}
	EndGlobalSection
EndGlobal
